{
  "name": "gatsby-woocommerce-theme",
  "version": "1.0.4",
  "lockfileVersion": 1,
  "requires": true,
  "dependencies": {
    "react-web-tabs": {
      "version": "1.0.1",
      "resolved": "https://registry.npmjs.org/react-web-tabs/-/react-web-tabs-1.0.1.tgz",
      "integrity": "sha512-Cg5B2515iLTvown5Tby+f69hT3+3HXetvsGr/Akou1ltREX57E3b3xra4lBjuUay42epMZ/2rfq/e+tTwOgBTQ=="
    },
    "uuid": {
      "version": "8.3.0"
    }
  }
}
